# THIS IS AN AUTOGENERATED FILE. DO NOT EDIT THIS FILE DIRECTLY.
# yarn lockfile v1


hook@^0.0.5:
  version "0.0.5"
  resolved "https://registry.yarnpkg.com/hook/-/hook-0.0.5.tgz#bca87347a964efada87a96557372be24d46fa59a"
  integrity sha512-n27aWbghlOJ5/HpPsZBQdqg8LduXf1sc8XcdPvHzeDASsRTMqXqSTXK+ExN+3SXeaZl2353KSCRkfpkpzBUzfA==
  dependencies:
    mochiscript ">=0.4.3"

"js-tokens@^3.0.0 || ^4.0.0":
  version "4.0.0"
  resolved "https://registry.yarnpkg.com/js-tokens/-/js-tokens-4.0.0.tgz#19203fb59991df98e3a287050d4647cdeaf32499"
  integrity sha512-RdJUflcE3cUzKiMqQgsCu06FPu9UdIJO0beYbPhHN4k6apgJtifcoCtT9bcxOpYBtpD2kCM6Sbzg4CausW/PKQ==

loose-envify@^1.1.0:
  version "1.4.0"
  resolved "https://registry.yarnpkg.com/loose-envify/-/loose-envify-1.4.0.tgz#71ee51fa7be4caec1a63839f7e682d8132d30caf"
  integrity sha512-lyuxPGr/Wfhrlem2CL/UcnUc1zcqKAImBDzukY7Y5F/yQiNdko6+fRLevlw1HgMySw7f611UIY408EtxRSoK3Q==
  dependencies:
    js-tokens "^3.0.0 || ^4.0.0"

mochiscript@>=0.4.3:
  version "0.6.16"
  resolved "https://registry.yarnpkg.com/mochiscript/-/mochiscript-0.6.16.tgz#2585d67bd4578ad2544053ecbb2791654bedbc34"
  integrity sha512-Xl3x7zu+wPt6CeEkT4M3TFTyXGWnrFtHB+Bkf56Yl50x6+plNsT2qvsKoX+gV/vn0WsECXmnTgiAbCs3MysRTA==
  dependencies:
    watch "0.5.1"

react@^18.2.0:
  version "18.2.0"
  resolved "https://registry.yarnpkg.com/react/-/react-18.2.0.tgz#555bd98592883255fa00de14f1151a917b5d77d5"
  integrity sha512-/3IjMdb2L9QbBdWiW5e3P2/npwMBaU9mHCSCUzNln0ZCYbcfTsGbTJrU/kGemdH2IWmB2ioZ+zkxtmq6g09fGQ==
  dependencies:
    loose-envify "^1.1.0"

watch@0.5.1:
  version "0.5.1"
  resolved "https://registry.yarnpkg.com/watch/-/watch-0.5.1.tgz#50ea3a056358c98073e0bca59956de4afd20b213"
  integrity sha512-+XJjQ03+NtexhhBdn5Kt7jAMMPA9eJycKfqkECaqxV6ndUy07wMvWHJpnZ/LGbvfI2ZGW27utaSxl1vNuvm/0A==
